
Microsoft Visual Studio Solution File, Format Version 10.00
# Visual Studio 2008
Project("{8BC9CEB8-8B4A-11D0-8D11-00A0C91BC942}") = "server", "webcam\webcam.vcproj", "{2CFACF6D-E4C1-4C45-83F5-A774D6F87B15}"
EndProject
Project("{8BC9CEB8-8B4A-11D0-8D11-00A0C91BC942}") = "client", "client\client.vcproj", "{FDEEF32E-B4BC-4BE8-B261-3F1F33DF0382}"
EndProject
Global
	GlobalSection(SolutionConfigurationPlatforms) = preSolution
		Debug|Win32 = Debug|Win32
		Release|Win32 = Release|Win32
	EndGlobalSection
	GlobalSection(ProjectConfigurationPlatforms) = postSolution
		{2CFACF6D-E4C1-4C45-83F5-A774D6F87B15}.Debug|Win32.ActiveCfg = Debug|Win32
		{2CFACF6D-E4C1-4C45-83F5-A774D6F87B15}.Debug|Win32.Build.0 = Debug|Win32
		{2CFACF6D-E4C1-4C45-83F5-A774D6F87B15}.Release|Win32.ActiveCfg = Release|Win32
		{2CFACF6D-E4C1-4C45-83F5-A774D6F87B15}.Release|Win32.Build.0 = Release|Win32
		{FDEEF32E-B4BC-4BE8-B261-3F1F33DF0382}.Debug|Win32.ActiveCfg = Debug|Win32
		{FDEEF32E-B4BC-4BE8-B261-3F1F33DF0382}.Debug|Win32.Build.0 = Debug|Win32
		{FDEEF32E-B4BC-4BE8-B261-3F1F33DF0382}.Release|Win32.ActiveCfg = Release|Win32
		{FDEEF32E-B4BC-4BE8-B261-3F1F33DF0382}.Release|Win32.Build.0 = Release|Win32
	EndGlobalSection
	GlobalSection(SolutionProperties) = preSolution
		HideSolutionNode = FALSE
	EndGlobalSection
EndGlobal
